
Microsoft Visual Studio Solution File, Format Version 12.00
# Visual Studio Version 17
VisualStudioVersion = 17.0.31903.59
MinimumVisualStudioVersion = 10.0.40219.1
Project("{2150E333-8FDC-42A3-9474-1A3956D46DE8}") = "src", "src", "{5B86B4C2-EA16-4E53-BAA0-6E663160852E}"
EndProject
Project("{FAE04EC0-301F-11D3-BF4B-00C04F79EFBC}") = "SharedKernel", "src\SharedKernel\SharedKernel.csproj", "{ACA35272-17EC-471D-A603-7B5AA58CCA23}"
EndProject
Project("{2150E333-8FDC-42A3-9474-1A3956D46DE8}") = "ApiService", "ApiService", "{A08C2307-F49B-4B62-8072-BF7D725D03D5}"
EndProject
Project("{FAE04EC0-301F-11D3-BF4B-00C04F79EFBC}") = "Api.Domain", "src\ApiService\Api.Domain\Api.Domain.csproj", "{ACBEA393-0262-44C9-9DB0-B2B9E2771B65}"
EndProject
Project("{FAE04EC0-301F-11D3-BF4B-00C04F79EFBC}") = "Api.Application", "src\ApiService\Api.Application\Api.Application.csproj", "{A202ADA3-E2EC-456F-8F19-A96BA03681E2}"
EndProject
Project("{FAE04EC0-301F-11D3-BF4B-00C04F79EFBC}") = "Api.Infrastructure", "src\ApiService\Api.Infrastructure\Api.Infrastructure.csproj", "{9221D06C-273A-440D-9646-33273AECD7B5}"
EndProject
Project("{FAE04EC0-301F-11D3-BF4B-00C04F79EFBC}") = "Api.WebApi", "src\ApiService\Api.WebApi\Api.WebApi.csproj", "{5283A3FF-1B7D-4BD3-BF8B-2543F542F0CD}"
EndProject
Project("{2150E333-8FDC-42A3-9474-1A3956D46DE8}") = "OcrWorkerService", "OcrWorkerService", "{4AD31FEF-8C91-4195-B909-671371B7D652}"
EndProject
Project("{FAE04EC0-301F-11D3-BF4B-00C04F79EFBC}") = "OcrWorker.Domain", "src\OcrWorkerService\OcrWorker.Domain\OcrWorker.Domain.csproj", "{A18ED08B-97BD-4402-955F-1CC5E70B2670}"
EndProject
Project("{FAE04EC0-301F-11D3-BF4B-00C04F79EFBC}") = "OcrWorker.Application", "src\OcrWorkerService\OcrWorker.Application\OcrWorker.Application.csproj", "{A5AEAF49-7ED2-4B9A-9E4B-337A6E2077E2}"
EndProject
Project("{FAE04EC0-301F-11D3-BF4B-00C04F79EFBC}") = "OcrWorker.Infrastructure", "src\OcrWorkerService\OcrWorker.Infrastructure\OcrWorker.Infrastructure.csproj", "{2F383DEC-BC53-45FC-A36B-DF1A6260F8E9}"
EndProject
Project("{FAE04EC0-301F-11D3-BF4B-00C04F79EFBC}") = "OcrWorker.Host", "src\OcrWorkerService\OcrWorker.Host\OcrWorker.Host.csproj", "{FDF5DDB3-F17C-42E5-BCF3-FF61BD891323}"
EndProject
Project("{2150E333-8FDC-42A3-9474-1A3956D46DE8}") = "RagService", "RagService", "{0BC27270-436E-40C6-B826-9CD415020DCE}"
EndProject
Project("{FAE04EC0-301F-11D3-BF4B-00C04F79EFBC}") = "RagService.Domain", "src\RagService\RagService.Domain\RagService.Domain.csproj", "{513982F9-2799-4BC2-8E27-47C19504EBDB}"
EndProject
Project("{FAE04EC0-301F-11D3-BF4B-00C04F79EFBC}") = "RagService.Application", "src\RagService\RagService.Application\RagService.Application.csproj", "{53A90E99-1FF1-449A-8402-2E0BC54FA9A5}"
EndProject
Project("{FAE04EC0-301F-11D3-BF4B-00C04F79EFBC}") = "RagService.Infrastructure", "src\RagService\RagService.Infrastructure\RagService.Infrastructure.csproj", "{08A03C4F-0C2D-45EF-A9B3-74F2381554C2}"
EndProject
Project("{FAE04EC0-301F-11D3-BF4B-00C04F79EFBC}") = "RagService.Host", "src\RagService\RagService.Host\RagService.Host.csproj", "{121A95B3-6F42-43FF-8801-91938FFAD01D}"
EndProject
Project("{2150E333-8FDC-42A3-9474-1A3956D46DE8}") = "Messaging", "Messaging", "{D4F6A1B2-3C7E-4D9A-8B1F-5E2C6D0A7F3E}"
EndProject
Project("{FAE04EC0-301F-11D3-BF4B-00C04F79EFBC}") = "Messaging.Contracts", "src\Messaging\Messaging.Contracts\Messaging.Contracts.csproj", "{C1A2B3D4-E5F6-7890-ABCD-EF1234567890}"
EndProject
Project("{2150E333-8FDC-42A3-9474-1A3956D46DE8}") = "tests", "tests", "{B2D03C96-C041-4326-8BEC-856E6E5B324A}"
EndProject
Project("{FAE04EC0-301F-11D3-BF4B-00C04F79EFBC}") = "SharedKernel.Tests", "tests\SharedKernel.Tests\SharedKernel.Tests.csproj", "{2A0000FF-3A03-40AD-8F42-FA3BACB6DE9D}"
EndProject
Project("{FAE04EC0-301F-11D3-BF4B-00C04F79EFBC}") = "Api.Domain.Tests", "tests\Api.Domain.Tests\Api.Domain.Tests.csproj", "{E3C403AC-41D3-4670-8335-5CCAD3B71B46}"
EndProject
Project("{FAE04EC0-301F-11D3-BF4B-00C04F79EFBC}") = "Api.Application.Tests", "tests\Api.Application.Tests\Api.Application.Tests.csproj", "{F97F39C1-EC5D-4E21-AC7A-ED4B81BAC94C}"
EndProject
Project("{FAE04EC0-301F-11D3-BF4B-00C04F79EFBC}") = "Api.Infrastructure.Tests", "tests\Api.Infrastructure.Tests\Api.Infrastructure.Tests.csproj", "{B125D5AA-30CE-4188-936E-76DBB1965C22}"
EndProject
Project("{FAE04EC0-301F-11D3-BF4B-00C04F79EFBC}") = "Api.WebApi.Tests", "tests\Api.WebApi.Tests\Api.WebApi.Tests.csproj", "{A72A2B48-3298-484F-97AB-51F4833BD69E}"
EndProject
Project("{FAE04EC0-301F-11D3-BF4B-00C04F79EFBC}") = "OcrWorker.Tests", "tests\OcrWorker.Tests\OcrWorker.Tests.csproj", "{7AF3574E-FF11-458C-9708-2845656D000D}"
EndProject
Project("{FAE04EC0-301F-11D3-BF4B-00C04F79EFBC}") = "RagService.Tests", "tests\RagService.Tests\RagService.Tests.csproj", "{3C73B27E-FACC-4B0E-9C77-0A3A950CE05E}"
EndProject
Project("{FAE04EC0-301F-11D3-BF4B-00C04F79EFBC}") = "Messaging.Tests", "tests\Messaging.Tests\Messaging.Tests.csproj", "{A9B8C7D6-E5F4-3210-FEDC-BA9876543210}"
EndProject
Global
	GlobalSection(SolutionConfigurationPlatforms) = preSolution
		Debug|Any CPU = Debug|Any CPU
		Release|Any CPU = Release|Any CPU
	EndGlobalSection
	GlobalSection(SolutionProperties) = preSolution
		HideSolutionNode = FALSE
	EndGlobalSection
	GlobalSection(ProjectConfigurationPlatforms) = postSolution
		{ACA35272-17EC-471D-A603-7B5AA58CCA23}.Debug|Any CPU.ActiveCfg = Debug|Any CPU
		{ACA35272-17EC-471D-A603-7B5AA58CCA23}.Debug|Any CPU.Build.0 = Debug|Any CPU
		{ACA35272-17EC-471D-A603-7B5AA58CCA23}.Release|Any CPU.ActiveCfg = Release|Any CPU
		{ACA35272-17EC-471D-A603-7B5AA58CCA23}.Release|Any CPU.Build.0 = Release|Any CPU
		{ACBEA393-0262-44C9-9DB0-B2B9E2771B65}.Debug|Any CPU.ActiveCfg = Debug|Any CPU
		{ACBEA393-0262-44C9-9DB0-B2B9E2771B65}.Debug|Any CPU.Build.0 = Debug|Any CPU
		{ACBEA393-0262-44C9-9DB0-B2B9E2771B65}.Release|Any CPU.ActiveCfg = Release|Any CPU
		{ACBEA393-0262-44C9-9DB0-B2B9E2771B65}.Release|Any CPU.Build.0 = Release|Any CPU
		{A202ADA3-E2EC-456F-8F19-A96BA03681E2}.Debug|Any CPU.ActiveCfg = Debug|Any CPU
		{A202ADA3-E2EC-456F-8F19-A96BA03681E2}.Debug|Any CPU.Build.0 = Debug|Any CPU
		{A202ADA3-E2EC-456F-8F19-A96BA03681E2}.Release|Any CPU.ActiveCfg = Release|Any CPU
		{A202ADA3-E2EC-456F-8F19-A96BA03681E2}.Release|Any CPU.Build.0 = Release|Any CPU
		{9221D06C-273A-440D-9646-33273AECD7B5}.Debug|Any CPU.ActiveCfg = Debug|Any CPU
		{9221D06C-273A-440D-9646-33273AECD7B5}.Debug|Any CPU.Build.0 = Debug|Any CPU
		{9221D06C-273A-440D-9646-33273AECD7B5}.Release|Any CPU.ActiveCfg = Release|Any CPU
		{9221D06C-273A-440D-9646-33273AECD7B5}.Release|Any CPU.Build.0 = Release|Any CPU
		{5283A3FF-1B7D-4BD3-BF8B-2543F542F0CD}.Debug|Any CPU.ActiveCfg = Debug|Any CPU
		{5283A3FF-1B7D-4BD3-BF8B-2543F542F0CD}.Debug|Any CPU.Build.0 = Debug|Any CPU
		{5283A3FF-1B7D-4BD3-BF8B-2543F542F0CD}.Release|Any CPU.ActiveCfg = Release|Any CPU
		{5283A3FF-1B7D-4BD3-BF8B-2543F542F0CD}.Release|Any CPU.Build.0 = Release|Any CPU
		{A18ED08B-97BD-4402-955F-1CC5E70B2670}.Debug|Any CPU.ActiveCfg = Debug|Any CPU
		{A18ED08B-97BD-4402-955F-1CC5E70B2670}.Debug|Any CPU.Build.0 = Debug|Any CPU
		{A18ED08B-97BD-4402-955F-1CC5E70B2670}.Release|Any CPU.ActiveCfg = Release|Any CPU
		{A18ED08B-97BD-4402-955F-1CC5E70B2670}.Release|Any CPU.Build.0 = Release|Any CPU
		{A5AEAF49-7ED2-4B9A-9E4B-337A6E2077E2}.Debug|Any CPU.ActiveCfg = Debug|Any CPU
		{A5AEAF49-7ED2-4B9A-9E4B-337A6E2077E2}.Debug|Any CPU.Build.0 = Debug|Any CPU
		{A5AEAF49-7ED2-4B9A-9E4B-337A6E2077E2}.Release|Any CPU.ActiveCfg = Release|Any CPU
		{A5AEAF49-7ED2-4B9A-9E4B-337A6E2077E2}.Release|Any CPU.Build.0 = Release|Any CPU
		{2F383DEC-BC53-45FC-A36B-DF1A6260F8E9}.Debug|Any CPU.ActiveCfg = Debug|Any CPU
		{2F383DEC-BC53-45FC-A36B-DF1A6260F8E9}.Debug|Any CPU.Build.0 = Debug|Any CPU
		{2F383DEC-BC53-45FC-A36B-DF1A6260F8E9}.Release|Any CPU.ActiveCfg = Release|Any CPU
		{2F383DEC-BC53-45FC-A36B-DF1A6260F8E9}.Release|Any CPU.Build.0 = Release|Any CPU
		{FDF5DDB3-F17C-42E5-BCF3-FF61BD891323}.Debug|Any CPU.ActiveCfg = Debug|Any CPU
		{FDF5DDB3-F17C-42E5-BCF3-FF61BD891323}.Debug|Any CPU.Build.0 = Debug|Any CPU
		{FDF5DDB3-F17C-42E5-BCF3-FF61BD891323}.Release|Any CPU.ActiveCfg = Release|Any CPU
		{FDF5DDB3-F17C-42E5-BCF3-FF61BD891323}.Release|Any CPU.Build.0 = Release|Any CPU
		{513982F9-2799-4BC2-8E27-47C19504EBDB}.Debug|Any CPU.ActiveCfg = Debug|Any CPU
		{513982F9-2799-4BC2-8E27-47C19504EBDB}.Debug|Any CPU.Build.0 = Debug|Any CPU
		{513982F9-2799-4BC2-8E27-47C19504EBDB}.Release|Any CPU.ActiveCfg = Release|Any CPU
		{513982F9-2799-4BC2-8E27-47C19504EBDB}.Release|Any CPU.Build.0 = Release|Any CPU
		{53A90E99-1FF1-449A-8402-2E0BC54FA9A5}.Debug|Any CPU.ActiveCfg = Debug|Any CPU
		{53A90E99-1FF1-449A-8402-2E0BC54FA9A5}.Debug|Any CPU.Build.0 = Debug|Any CPU
		{53A90E99-1FF1-449A-8402-2E0BC54FA9A5}.Release|Any CPU.ActiveCfg = Release|Any CPU
		{53A90E99-1FF1-449A-8402-2E0BC54FA9A5}.Release|Any CPU.Build.0 = Release|Any CPU
		{08A03C4F-0C2D-45EF-A9B3-74F2381554C2}.Debug|Any CPU.ActiveCfg = Debug|Any CPU
		{08A03C4F-0C2D-45EF-A9B3-74F2381554C2}.Debug|Any CPU.Build.0 = Debug|Any CPU
		{08A03C4F-0C2D-45EF-A9B3-74F2381554C2}.Release|Any CPU.ActiveCfg = Release|Any CPU
		{08A03C4F-0C2D-45EF-A9B3-74F2381554C2}.Release|Any CPU.Build.0 = Release|Any CPU
		{121A95B3-6F42-43FF-8801-91938FFAD01D}.Debug|Any CPU.ActiveCfg = Debug|Any CPU
		{121A95B3-6F42-43FF-8801-91938FFAD01D}.Debug|Any CPU.Build.0 = Debug|Any CPU
		{121A95B3-6F42-43FF-8801-91938FFAD01D}.Release|Any CPU.ActiveCfg = Release|Any CPU
		{121A95B3-6F42-43FF-8801-91938FFAD01D}.Release|Any CPU.Build.0 = Release|Any CPU
		{2A0000FF-3A03-40AD-8F42-FA3BACB6DE9D}.Debug|Any CPU.ActiveCfg = Debug|Any CPU
		{2A0000FF-3A03-40AD-8F42-FA3BACB6DE9D}.Debug|Any CPU.Build.0 = Debug|Any CPU
		{2A0000FF-3A03-40AD-8F42-FA3BACB6DE9D}.Release|Any CPU.ActiveCfg = Release|Any CPU
		{2A0000FF-3A03-40AD-8F42-FA3BACB6DE9D}.Release|Any CPU.Build.0 = Release|Any CPU
		{E3C403AC-41D3-4670-8335-5CCAD3B71B46}.Debug|Any CPU.ActiveCfg = Debug|Any CPU
		{E3C403AC-41D3-4670-8335-5CCAD3B71B46}.Debug|Any CPU.Build.0 = Debug|Any CPU
		{E3C403AC-41D3-4670-8335-5CCAD3B71B46}.Release|Any CPU.ActiveCfg = Release|Any CPU
		{E3C403AC-41D3-4670-8335-5CCAD3B71B46}.Release|Any CPU.Build.0 = Release|Any CPU
		{F97F39C1-EC5D-4E21-AC7A-ED4B81BAC94C}.Debug|Any CPU.ActiveCfg = Debug|Any CPU
		{F97F39C1-EC5D-4E21-AC7A-ED4B81BAC94C}.Debug|Any CPU.Build.0 = Debug|Any CPU
		{F97F39C1-EC5D-4E21-AC7A-ED4B81BAC94C}.Release|Any CPU.ActiveCfg = Release|Any CPU
		{F97F39C1-EC5D-4E21-AC7A-ED4B81BAC94C}.Release|Any CPU.Build.0 = Release|Any CPU
		{B125D5AA-30CE-4188-936E-76DBB1965C22}.Debug|Any CPU.ActiveCfg = Debug|Any CPU
		{B125D5AA-30CE-4188-936E-76DBB1965C22}.Debug|Any CPU.Build.0 = Debug|Any CPU
		{B125D5AA-30CE-4188-936E-76DBB1965C22}.Release|Any CPU.ActiveCfg = Release|Any CPU
		{B125D5AA-30CE-4188-936E-76DBB1965C22}.Release|Any CPU.Build.0 = Release|Any CPU
		{A72A2B48-3298-484F-97AB-51F4833BD69E}.Debug|Any CPU.ActiveCfg = Debug|Any CPU
		{A72A2B48-3298-484F-97AB-51F4833BD69E}.Debug|Any CPU.Build.0 = Debug|Any CPU
		{A72A2B48-3298-484F-97AB-51F4833BD69E}.Release|Any CPU.ActiveCfg = Release|Any CPU
		{A72A2B48-3298-484F-97AB-51F4833BD69E}.Release|Any CPU.Build.0 = Release|Any CPU
		{7AF3574E-FF11-458C-9708-2845656D000D}.Debug|Any CPU.ActiveCfg = Debug|Any CPU
		{7AF3574E-FF11-458C-9708-2845656D000D}.Debug|Any CPU.Build.0 = Debug|Any CPU
		{7AF3574E-FF11-458C-9708-2845656D000D}.Release|Any CPU.ActiveCfg = Release|Any CPU
		{7AF3574E-FF11-458C-9708-2845656D000D}.Release|Any CPU.Build.0 = Release|Any CPU
		{3C73B27E-FACC-4B0E-9C77-0A3A950CE05E}.Debug|Any CPU.ActiveCfg = Debug|Any CPU
		{3C73B27E-FACC-4B0E-9C77-0A3A950CE05E}.Debug|Any CPU.Build.0 = Debug|Any CPU
		{3C73B27E-FACC-4B0E-9C77-0A3A950CE05E}.Release|Any CPU.ActiveCfg = Release|Any CPU
		{3C73B27E-FACC-4B0E-9C77-0A3A950CE05E}.Release|Any CPU.Build.0 = Release|Any CPU
		{C1A2B3D4-E5F6-7890-ABCD-EF1234567890}.Debug|Any CPU.ActiveCfg = Debug|Any CPU
		{C1A2B3D4-E5F6-7890-ABCD-EF1234567890}.Debug|Any CPU.Build.0 = Debug|Any CPU
		{C1A2B3D4-E5F6-7890-ABCD-EF1234567890}.Release|Any CPU.ActiveCfg = Release|Any CPU
		{C1A2B3D4-E5F6-7890-ABCD-EF1234567890}.Release|Any CPU.Build.0 = Release|Any CPU
		{A9B8C7D6-E5F4-3210-FEDC-BA9876543210}.Debug|Any CPU.ActiveCfg = Debug|Any CPU
		{A9B8C7D6-E5F4-3210-FEDC-BA9876543210}.Debug|Any CPU.Build.0 = Debug|Any CPU
		{A9B8C7D6-E5F4-3210-FEDC-BA9876543210}.Release|Any CPU.ActiveCfg = Release|Any CPU
		{A9B8C7D6-E5F4-3210-FEDC-BA9876543210}.Release|Any CPU.Build.0 = Release|Any CPU
	EndGlobalSection
	GlobalSection(NestedProjects) = preSolution
		{ACA35272-17EC-471D-A603-7B5AA58CCA23} = {5B86B4C2-EA16-4E53-BAA0-6E663160852E}
		{A08C2307-F49B-4B62-8072-BF7D725D03D5} = {5B86B4C2-EA16-4E53-BAA0-6E663160852E}
		{ACBEA393-0262-44C9-9DB0-B2B9E2771B65} = {A08C2307-F49B-4B62-8072-BF7D725D03D5}
		{A202ADA3-E2EC-456F-8F19-A96BA03681E2} = {A08C2307-F49B-4B62-8072-BF7D725D03D5}
		{9221D06C-273A-440D-9646-33273AECD7B5} = {A08C2307-F49B-4B62-8072-BF7D725D03D5}
		{5283A3FF-1B7D-4BD3-BF8B-2543F542F0CD} = {A08C2307-F49B-4B62-8072-BF7D725D03D5}
		{4AD31FEF-8C91-4195-B909-671371B7D652} = {5B86B4C2-EA16-4E53-BAA0-6E663160852E}
		{A18ED08B-97BD-4402-955F-1CC5E70B2670} = {4AD31FEF-8C91-4195-B909-671371B7D652}
		{A5AEAF49-7ED2-4B9A-9E4B-337A6E2077E2} = {4AD31FEF-8C91-4195-B909-671371B7D652}
		{2F383DEC-BC53-45FC-A36B-DF1A6260F8E9} = {4AD31FEF-8C91-4195-B909-671371B7D652}
		{FDF5DDB3-F17C-42E5-BCF3-FF61BD891323} = {4AD31FEF-8C91-4195-B909-671371B7D652}
		{0BC27270-436E-40C6-B826-9CD415020DCE} = {5B86B4C2-EA16-4E53-BAA0-6E663160852E}
		{513982F9-2799-4BC2-8E27-47C19504EBDB} = {0BC27270-436E-40C6-B826-9CD415020DCE}
		{53A90E99-1FF1-449A-8402-2E0BC54FA9A5} = {0BC27270-436E-40C6-B826-9CD415020DCE}
		{08A03C4F-0C2D-45EF-A9B3-74F2381554C2} = {0BC27270-436E-40C6-B826-9CD415020DCE}
		{121A95B3-6F42-43FF-8801-91938FFAD01D} = {0BC27270-436E-40C6-B826-9CD415020DCE}
		{2A0000FF-3A03-40AD-8F42-FA3BACB6DE9D} = {B2D03C96-C041-4326-8BEC-856E6E5B324A}
		{E3C403AC-41D3-4670-8335-5CCAD3B71B46} = {B2D03C96-C041-4326-8BEC-856E6E5B324A}
		{F97F39C1-EC5D-4E21-AC7A-ED4B81BAC94C} = {B2D03C96-C041-4326-8BEC-856E6E5B324A}
		{B125D5AA-30CE-4188-936E-76DBB1965C22} = {B2D03C96-C041-4326-8BEC-856E6E5B324A}
		{A72A2B48-3298-484F-97AB-51F4833BD69E} = {B2D03C96-C041-4326-8BEC-856E6E5B324A}
		{7AF3574E-FF11-458C-9708-2845656D000D} = {B2D03C96-C041-4326-8BEC-856E6E5B324A}
		{3C73B27E-FACC-4B0E-9C77-0A3A950CE05E} = {B2D03C96-C041-4326-8BEC-856E6E5B324A}
		{D4F6A1B2-3C7E-4D9A-8B1F-5E2C6D0A7F3E} = {5B86B4C2-EA16-4E53-BAA0-6E663160852E}
		{C1A2B3D4-E5F6-7890-ABCD-EF1234567890} = {D4F6A1B2-3C7E-4D9A-8B1F-5E2C6D0A7F3E}
		{A9B8C7D6-E5F4-3210-FEDC-BA9876543210} = {B2D03C96-C041-4326-8BEC-856E6E5B324A}
	EndGlobalSection
EndGlobal
